PODS:
  - BytegainAnalytics (4.0.0)

DEPENDENCIES:
  - BytegainAnalytics (from `../../`)

EXTERNAL SOURCES:
  BytegainAnalytics:
    :path: "../../"

SPEC CHECKSUMS:
  BytegainAnalytics: 7eb456d443a62efde4bf1c8c558687277bcb8cfb

PODFILE CHECKSUM: fc4e7fc74f1bfe50b2e19535714168728dc488b2

COCOAPODS: 1.5.3
