PODS:
  - BytegainAnalytics (4.1.0)

DEPENDENCIES:
  - BytegainAnalytics (~> 4.1.0)

SPEC REPOS:
  https://github.com/cocoapods/specs.git:
    - BytegainAnalytics

SPEC CHECKSUMS:
  BytegainAnalytics: 337ffe237aabdd0e195e61ce5a1501791b1e800d

PODFILE CHECKSUM: 59dec3256745a412fc2fe03d02c9ae1c1cf00eef

COCOAPODS: 1.7.0
