PODS:
  - BytegainAnalytics (4.0.0)

DEPENDENCIES:
  - BytegainAnalytics (from `../../`)

EXTERNAL SOURCES:
  BytegainAnalytics:
    :path: "../../"

SPEC CHECKSUMS:
  BytegainAnalytics: 7eb456d443a62efde4bf1c8c558687277bcb8cfb

PODFILE CHECKSUM: 2dd145b28b8d3b2d9e22a3ef82d443a7a9764387

COCOAPODS: 1.5.3
